
Microsoft Visual Studio Solution File, Format Version 12.00
# Visual Studio Version 17
VisualStudioVersion = 17.8.34511.84
MinimumVisualStudioVersion = 10.0.40219.1
Project("{FAE04EC0-301F-11D3-BF4B-00C04F79EFBC}") = "Lembretes.Server", "Lembretes.Server\Lembretes.Server.csproj", "{AC399C30-63CC-43E8-9F42-FBFA1A9A0866}"
EndProject
Project("{54A90642-561A-4BB1-A94E-469ADEE60C69}") = "lembretes.client", "lembretes.client\lembretes.client.esproj", "{AF69EC2D-5264-487E-B986-780879ACA502}"
EndProject
Global
	GlobalSection(SolutionConfigurationPlatforms) = preSolution
		Debug|Any CPU = Debug|Any CPU
		Release|Any CPU = Release|Any CPU
	EndGlobalSection
	GlobalSection(ProjectConfigurationPlatforms) = postSolution
		{AC399C30-63CC-43E8-9F42-FBFA1A9A0866}.Debug|Any CPU.ActiveCfg = Debug|Any CPU
		{AC399C30-63CC-43E8-9F42-FBFA1A9A0866}.Debug|Any CPU.Build.0 = Debug|Any CPU
		{AC399C30-63CC-43E8-9F42-FBFA1A9A0866}.Release|Any CPU.ActiveCfg = Release|Any CPU
		{AC399C30-63CC-43E8-9F42-FBFA1A9A0866}.Release|Any CPU.Build.0 = Release|Any CPU
		{AF69EC2D-5264-487E-B986-780879ACA502}.Debug|Any CPU.ActiveCfg = Debug|Any CPU
		{AF69EC2D-5264-487E-B986-780879ACA502}.Debug|Any CPU.Build.0 = Debug|Any CPU
		{AF69EC2D-5264-487E-B986-780879ACA502}.Debug|Any CPU.Deploy.0 = Debug|Any CPU
		{AF69EC2D-5264-487E-B986-780879ACA502}.Release|Any CPU.ActiveCfg = Release|Any CPU
		{AF69EC2D-5264-487E-B986-780879ACA502}.Release|Any CPU.Build.0 = Release|Any CPU
		{AF69EC2D-5264-487E-B986-780879ACA502}.Release|Any CPU.Deploy.0 = Release|Any CPU
	EndGlobalSection
	GlobalSection(SolutionProperties) = preSolution
		HideSolutionNode = FALSE
	EndGlobalSection
	GlobalSection(ExtensibilityGlobals) = postSolution
		SolutionGuid = {1D44654E-7015-4C30-B406-CA93865250DF}
	EndGlobalSection
EndGlobal
